
Microsoft Visual Studio Solution File, Format Version 12.00
# Visual Studio Version 16
VisualStudioVersion = 16.0.31129.286
MinimumVisualStudioVersion = 10.0.40219.1
Project("{FAE04EC0-301F-11D3-BF4B-00C04F79EFBC}") = "T10_App", "T10_App\T10_App.csproj", "{650713DB-7D57-45F8-B3ED-8AE68B9EDB4C}"
EndProject
Global
	GlobalSection(SolutionConfigurationPlatforms) = preSolution
		Debug|Any CPU = Debug|Any CPU
		Release|Any CPU = Release|Any CPU
	EndGlobalSection
	GlobalSection(ProjectConfigurationPlatforms) = postSolution
		{650713DB-7D57-45F8-B3ED-8AE68B9EDB4C}.Debug|Any CPU.ActiveCfg = Debug|Any CPU
		{650713DB-7D57-45F8-B3ED-8AE68B9EDB4C}.Debug|Any CPU.Build.0 = Debug|Any CPU
		{650713DB-7D57-45F8-B3ED-8AE68B9EDB4C}.Release|Any CPU.ActiveCfg = Release|Any CPU
		{650713DB-7D57-45F8-B3ED-8AE68B9EDB4C}.Release|Any CPU.Build.0 = Release|Any CPU
	EndGlobalSection
	GlobalSection(SolutionProperties) = preSolution
		HideSolutionNode = FALSE
	EndGlobalSection
	GlobalSection(ExtensibilityGlobals) = postSolution
		SolutionGuid = {5F640B6C-0B6D-4D3A-B16A-7C0601629CC0}
	EndGlobalSection
EndGlobal
